
Microsoft Visual Studio Solution File, Format Version 12.00
# Visual Studio Version 17
VisualStudioVersion = 17.4.33122.133
MinimumVisualStudioVersion = 10.0.40219.1
Project("{FAE04EC0-301F-11D3-BF4B-00C04F79EFBC}") = "string01", "string01.csproj", "{AFB43BF6-4246-4C18-BD8A-60DA1708EBF1}"
EndProject
Global
	GlobalSection(SolutionConfigurationPlatforms) = preSolution
		Debug|Any CPU = Debug|Any CPU
		Release|Any CPU = Release|Any CPU
	EndGlobalSection
	GlobalSection(ProjectConfigurationPlatforms) = postSolution
		{AFB43BF6-4246-4C18-BD8A-60DA1708EBF1}.Debug|Any CPU.ActiveCfg = Debug|Any CPU
		{AFB43BF6-4246-4C18-BD8A-60DA1708EBF1}.Debug|Any CPU.Build.0 = Debug|Any CPU
		{AFB43BF6-4246-4C18-BD8A-60DA1708EBF1}.Release|Any CPU.ActiveCfg = Release|Any CPU
		{AFB43BF6-4246-4C18-BD8A-60DA1708EBF1}.Release|Any CPU.Build.0 = Release|Any CPU
	EndGlobalSection
	GlobalSection(SolutionProperties) = preSolution
		HideSolutionNode = FALSE
	EndGlobalSection
	GlobalSection(ExtensibilityGlobals) = postSolution
		SolutionGuid = {905C36AF-2D98-4D5F-933E-C872A18CB5CA}
	EndGlobalSection
EndGlobal
